
Microsoft Visual Studio Solution File, Format Version 12.00
Project("{FAE04EC0-301F-11D3-BF4B-00C04F79EFBC}") = "MFAAvalonia", "MFAAvalonia\MFAAvalonia.csproj", "{0DEB7018-7094-4C4E-808E-46BA4A1D77FA}"
EndProject
Project("{FAE04EC0-301F-11D3-BF4B-00C04F79EFBC}") = "LazyStaticGenerator", "LazyStaticGenerator\LazyStaticGenerator.csproj", "{C05457BE-61C5-4732-B3F6-3BC1C1C390AA}"
EndProject
Project("{FAE04EC0-301F-11D3-BF4B-00C04F79EFBC}") = "MFAUpdater", "MFAUpdater\MFAUpdater.csproj", "{B13E6AA2-CFE7-41F5-91EF-7F1C53566680}"
EndProject
Project("{FAE04EC0-301F-11D3-BF4B-00C04F79EFBC}") = "SukiUI", "SukiUI\SukiUI.csproj", "{07048BB2-1A22-48C9-87F9-34D4664DC2A9}"
EndProject
Project("{FAE04EC0-301F-11D3-BF4B-00C04F79EFBC}") = "Markdown.Avalonia", "Markdown.Avalonia\Markdown.Avalonia.csproj", "{318381D7-0CE6-4BAC-A220-B5EFBDB63016}"
EndProject
Project("{FAE04EC0-301F-11D3-BF4B-00C04F79EFBC}") = "Markdown.Avalonia.Html", "Markdown.Avalonia.Html\Markdown.Avalonia.Html.csproj", "{C202588B-CBAB-44F4-9063-32DABCBA1ACD}"
EndProject
Project("{FAE04EC0-301F-11D3-BF4B-00C04F79EFBC}") = "Markdown.Avalonia.Svg", "Markdown.Avalonia.Svg\Markdown.Avalonia.Svg.csproj", "{933ED629-402F-4B04-92F2-C0A4C435AF0F}"
EndProject
Project("{FAE04EC0-301F-11D3-BF4B-00C04F79EFBC}") = "Markdown.Avalonia.Tight", "Markdown.Avalonia.Tight\Markdown.Avalonia.Tight.csproj", "{D1D57C5D-5791-4CE0-8BEB-58135AC55B41}"
EndProject
Project("{FAE04EC0-301F-11D3-BF4B-00C04F79EFBC}") = "Markdown.Avalonia.SyntaxHigh", "Markdown.Avalonia.SyntaxHigh\Markdown.Avalonia.SyntaxHigh.csproj", "{8E5FBE54-5429-4884-843D-5693D8D3B144}"
EndProject
Project("{FAE04EC0-301F-11D3-BF4B-00C04F79EFBC}") = "ColorDocument.Avalonia", "ColorDocument.Avalonia\ColorDocument.Avalonia.csproj", "{13789D1B-258F-4032-9875-C283B312B89F}"
EndProject
Project("{FAE04EC0-301F-11D3-BF4B-00C04F79EFBC}") = "ColorTextBlock.Avalonia", "ColorTextBlock.Avalonia\ColorTextBlock.Avalonia.csproj", "{649B551C-FC7C-42C2-9A8B-196165C41296}"
EndProject
Project("{FAE04EC0-301F-11D3-BF4B-00C04F79EFBC}") = "MFAAvalonia.Android", "MFAAvalonia.Android\MFAAvalonia.Android.csproj", "{AA3F756D-A5AD-44F6-8232-8EB69664F3F8}"
EndProject
Project("{FAE04EC0-301F-11D3-BF4B-00C04F79EFBC}") = "MFAAvalonia.Desktop", "MFAAvalonia.Desktop\MFAAvalonia.Desktop.csproj", "{B68D4668-1F6B-47C6-A06C-DE0ACEB3CCE1}"
EndProject
Global
	GlobalSection(SolutionConfigurationPlatforms) = preSolution
		Debug|Any CPU = Debug|Any CPU
		Release|Any CPU = Release|Any CPU
	EndGlobalSection
	GlobalSection(ProjectConfigurationPlatforms) = postSolution
		{0DEB7018-7094-4C4E-808E-46BA4A1D77FA}.Debug|Any CPU.ActiveCfg = Debug|Any CPU
		{0DEB7018-7094-4C4E-808E-46BA4A1D77FA}.Debug|Any CPU.Build.0 = Debug|Any CPU
		{0DEB7018-7094-4C4E-808E-46BA4A1D77FA}.Release|Any CPU.ActiveCfg = Release|Any CPU
		{0DEB7018-7094-4C4E-808E-46BA4A1D77FA}.Release|Any CPU.Build.0 = Release|Any CPU
		{C05457BE-61C5-4732-B3F6-3BC1C1C390AA}.Debug|Any CPU.ActiveCfg = Debug|Any CPU
		{C05457BE-61C5-4732-B3F6-3BC1C1C390AA}.Debug|Any CPU.Build.0 = Debug|Any CPU
		{C05457BE-61C5-4732-B3F6-3BC1C1C390AA}.Release|Any CPU.ActiveCfg = Release|Any CPU
		{C05457BE-61C5-4732-B3F6-3BC1C1C390AA}.Release|Any CPU.Build.0 = Release|Any CPU
		{B13E6AA2-CFE7-41F5-91EF-7F1C53566680}.Debug|Any CPU.ActiveCfg = Debug|Any CPU
		{B13E6AA2-CFE7-41F5-91EF-7F1C53566680}.Debug|Any CPU.Build.0 = Debug|Any CPU
		{B13E6AA2-CFE7-41F5-91EF-7F1C53566680}.Release|Any CPU.ActiveCfg = Release|Any CPU
		{B13E6AA2-CFE7-41F5-91EF-7F1C53566680}.Release|Any CPU.Build.0 = Release|Any CPU
		{07048BB2-1A22-48C9-87F9-34D4664DC2A9}.Debug|Any CPU.ActiveCfg = Debug|Any CPU
		{07048BB2-1A22-48C9-87F9-34D4664DC2A9}.Debug|Any CPU.Build.0 = Debug|Any CPU
		{07048BB2-1A22-48C9-87F9-34D4664DC2A9}.Release|Any CPU.ActiveCfg = Release|Any CPU
		{07048BB2-1A22-48C9-87F9-34D4664DC2A9}.Release|Any CPU.Build.0 = Release|Any CPU
		{318381D7-0CE6-4BAC-A220-B5EFBDB63016}.Debug|Any CPU.ActiveCfg = Debug|Any CPU
		{318381D7-0CE6-4BAC-A220-B5EFBDB63016}.Debug|Any CPU.Build.0 = Debug|Any CPU
		{318381D7-0CE6-4BAC-A220-B5EFBDB63016}.Release|Any CPU.ActiveCfg = Release|Any CPU
		{318381D7-0CE6-4BAC-A220-B5EFBDB63016}.Release|Any CPU.Build.0 = Release|Any CPU
		{C202588B-CBAB-44F4-9063-32DABCBA1ACD}.Debug|Any CPU.ActiveCfg = Debug|Any CPU
		{C202588B-CBAB-44F4-9063-32DABCBA1ACD}.Debug|Any CPU.Build.0 = Debug|Any CPU
		{C202588B-CBAB-44F4-9063-32DABCBA1ACD}.Release|Any CPU.ActiveCfg = Release|Any CPU
		{C202588B-CBAB-44F4-9063-32DABCBA1ACD}.Release|Any CPU.Build.0 = Release|Any CPU
		{933ED629-402F-4B04-92F2-C0A4C435AF0F}.Debug|Any CPU.ActiveCfg = Debug|Any CPU
		{933ED629-402F-4B04-92F2-C0A4C435AF0F}.Debug|Any CPU.Build.0 = Debug|Any CPU
		{933ED629-402F-4B04-92F2-C0A4C435AF0F}.Release|Any CPU.ActiveCfg = Release|Any CPU
		{933ED629-402F-4B04-92F2-C0A4C435AF0F}.Release|Any CPU.Build.0 = Release|Any CPU
		{D1D57C5D-5791-4CE0-8BEB-58135AC55B41}.Debug|Any CPU.ActiveCfg = Debug|Any CPU
		{D1D57C5D-5791-4CE0-8BEB-58135AC55B41}.Debug|Any CPU.Build.0 = Debug|Any CPU
		{D1D57C5D-5791-4CE0-8BEB-58135AC55B41}.Release|Any CPU.ActiveCfg = Release|Any CPU
		{D1D57C5D-5791-4CE0-8BEB-58135AC55B41}.Release|Any CPU.Build.0 = Release|Any CPU
		{8E5FBE54-5429-4884-843D-5693D8D3B144}.Debug|Any CPU.ActiveCfg = Debug|Any CPU
		{8E5FBE54-5429-4884-843D-5693D8D3B144}.Debug|Any CPU.Build.0 = Debug|Any CPU
		{8E5FBE54-5429-4884-843D-5693D8D3B144}.Release|Any CPU.ActiveCfg = Release|Any CPU
		{8E5FBE54-5429-4884-843D-5693D8D3B144}.Release|Any CPU.Build.0 = Release|Any CPU
		{13789D1B-258F-4032-9875-C283B312B89F}.Debug|Any CPU.ActiveCfg = Debug|Any CPU
		{13789D1B-258F-4032-9875-C283B312B89F}.Debug|Any CPU.Build.0 = Debug|Any CPU
		{13789D1B-258F-4032-9875-C283B312B89F}.Release|Any CPU.ActiveCfg = Release|Any CPU
		{13789D1B-258F-4032-9875-C283B312B89F}.Release|Any CPU.Build.0 = Release|Any CPU
		{649B551C-FC7C-42C2-9A8B-196165C41296}.Debug|Any CPU.ActiveCfg = Debug|Any CPU
		{649B551C-FC7C-42C2-9A8B-196165C41296}.Debug|Any CPU.Build.0 = Debug|Any CPU
		{649B551C-FC7C-42C2-9A8B-196165C41296}.Release|Any CPU.ActiveCfg = Release|Any CPU
		{649B551C-FC7C-42C2-9A8B-196165C41296}.Release|Any CPU.Build.0 = Release|Any CPU
		{AA3F756D-A5AD-44F6-8232-8EB69664F3F8}.Debug|Any CPU.ActiveCfg = Debug|Any CPU
		{AA3F756D-A5AD-44F6-8232-8EB69664F3F8}.Release|Any CPU.ActiveCfg = Release|Any CPU
		{B68D4668-1F6B-47C6-A06C-DE0ACEB3CCE1}.Debug|Any CPU.ActiveCfg = Debug|Any CPU
		{B68D4668-1F6B-47C6-A06C-DE0ACEB3CCE1}.Debug|Any CPU.Build.0 = Debug|Any CPU
		{B68D4668-1F6B-47C6-A06C-DE0ACEB3CCE1}.Release|Any CPU.ActiveCfg = Release|Any CPU
		{B68D4668-1F6B-47C6-A06C-DE0ACEB3CCE1}.Release|Any CPU.Build.0 = Release|Any CPU
	EndGlobalSection
EndGlobal
